
Microsoft Visual Studio Solution File, Format Version 12.00
# Visual Studio Version 17
VisualStudioVersion = 17.1.32407.343
MinimumVisualStudioVersion = 10.0.40219.1
Project("{9A19103F-16F7-4668-BE54-9A1E7A4F7556}") = "Domain", "Domain\Domain.csproj", "{C5BE19E6-CA23-47A9-BB4B-B93BF1E1A8E2}"
EndProject
Project("{9A19103F-16F7-4668-BE54-9A1E7A4F7556}") = "Application", "Application\Application.csproj", "{2AF6F5FC-E9EB-4F86-A30F-0B943DBD20FF}"
EndProject
Project("{9A19103F-16F7-4668-BE54-9A1E7A4F7556}") = "Persistence", "Persistence\Persistence.csproj", "{2AA1F7E7-DFA5-4D15-99E8-7BDB409D58C6}"
EndProject
Project("{FAE04EC0-301F-11D3-BF4B-00C04F79EFBC}") = "Prensentation_Console", "Prensentation_Console\Prensentation_Console.csproj", "{3BEF1303-C6A3-4930-8898-824C2C460415}"
EndProject
Global
	GlobalSection(SolutionConfigurationPlatforms) = preSolution
		Debug|Any CPU = Debug|Any CPU
		Debug|x64 = Debug|x64
		Debug|x86 = Debug|x86
		Release|Any CPU = Release|Any CPU
		Release|x64 = Release|x64
		Release|x86 = Release|x86
	EndGlobalSection
	GlobalSection(ProjectConfigurationPlatforms) = postSolution
		{C5BE19E6-CA23-47A9-BB4B-B93BF1E1A8E2}.Debug|Any CPU.ActiveCfg = Debug|Any CPU
		{C5BE19E6-CA23-47A9-BB4B-B93BF1E1A8E2}.Debug|Any CPU.Build.0 = Debug|Any CPU
		{C5BE19E6-CA23-47A9-BB4B-B93BF1E1A8E2}.Debug|x64.ActiveCfg = Debug|Any CPU
		{C5BE19E6-CA23-47A9-BB4B-B93BF1E1A8E2}.Debug|x64.Build.0 = Debug|Any CPU
		{C5BE19E6-CA23-47A9-BB4B-B93BF1E1A8E2}.Debug|x86.ActiveCfg = Debug|Any CPU
		{C5BE19E6-CA23-47A9-BB4B-B93BF1E1A8E2}.Debug|x86.Build.0 = Debug|Any CPU
		{C5BE19E6-CA23-47A9-BB4B-B93BF1E1A8E2}.Release|Any CPU.ActiveCfg = Release|Any CPU
		{C5BE19E6-CA23-47A9-BB4B-B93BF1E1A8E2}.Release|Any CPU.Build.0 = Release|Any CPU
		{C5BE19E6-CA23-47A9-BB4B-B93BF1E1A8E2}.Release|x64.ActiveCfg = Release|Any CPU
		{C5BE19E6-CA23-47A9-BB4B-B93BF1E1A8E2}.Release|x64.Build.0 = Release|Any CPU
		{C5BE19E6-CA23-47A9-BB4B-B93BF1E1A8E2}.Release|x86.ActiveCfg = Release|Any CPU
		{C5BE19E6-CA23-47A9-BB4B-B93BF1E1A8E2}.Release|x86.Build.0 = Release|Any CPU
		{2AF6F5FC-E9EB-4F86-A30F-0B943DBD20FF}.Debug|Any CPU.ActiveCfg = Debug|Any CPU
		{2AF6F5FC-E9EB-4F86-A30F-0B943DBD20FF}.Debug|Any CPU.Build.0 = Debug|Any CPU
		{2AF6F5FC-E9EB-4F86-A30F-0B943DBD20FF}.Debug|x64.ActiveCfg = Debug|Any CPU
		{2AF6F5FC-E9EB-4F86-A30F-0B943DBD20FF}.Debug|x64.Build.0 = Debug|Any CPU
		{2AF6F5FC-E9EB-4F86-A30F-0B943DBD20FF}.Debug|x86.ActiveCfg = Debug|Any CPU
		{2AF6F5FC-E9EB-4F86-A30F-0B943DBD20FF}.Debug|x86.Build.0 = Debug|Any CPU
		{2AF6F5FC-E9EB-4F86-A30F-0B943DBD20FF}.Release|Any CPU.ActiveCfg = Release|Any CPU
		{2AF6F5FC-E9EB-4F86-A30F-0B943DBD20FF}.Release|Any CPU.Build.0 = Release|Any CPU
		{2AF6F5FC-E9EB-4F86-A30F-0B943DBD20FF}.Release|x64.ActiveCfg = Release|Any CPU
		{2AF6F5FC-E9EB-4F86-A30F-0B943DBD20FF}.Release|x64.Build.0 = Release|Any CPU
		{2AF6F5FC-E9EB-4F86-A30F-0B943DBD20FF}.Release|x86.ActiveCfg = Release|Any CPU
		{2AF6F5FC-E9EB-4F86-A30F-0B943DBD20FF}.Release|x86.Build.0 = Release|Any CPU
		{2AA1F7E7-DFA5-4D15-99E8-7BDB409D58C6}.Debug|Any CPU.ActiveCfg = Debug|Any CPU
		{2AA1F7E7-DFA5-4D15-99E8-7BDB409D58C6}.Debug|Any CPU.Build.0 = Debug|Any CPU
		{2AA1F7E7-DFA5-4D15-99E8-7BDB409D58C6}.Debug|x64.ActiveCfg = Debug|Any CPU
		{2AA1F7E7-DFA5-4D15-99E8-7BDB409D58C6}.Debug|x64.Build.0 = Debug|Any CPU
		{2AA1F7E7-DFA5-4D15-99E8-7BDB409D58C6}.Debug|x86.ActiveCfg = Debug|Any CPU
		{2AA1F7E7-DFA5-4D15-99E8-7BDB409D58C6}.Debug|x86.Build.0 = Debug|Any CPU
		{2AA1F7E7-DFA5-4D15-99E8-7BDB409D58C6}.Release|Any CPU.ActiveCfg = Release|Any CPU
		{2AA1F7E7-DFA5-4D15-99E8-7BDB409D58C6}.Release|Any CPU.Build.0 = Release|Any CPU
		{2AA1F7E7-DFA5-4D15-99E8-7BDB409D58C6}.Release|x64.ActiveCfg = Release|Any CPU
		{2AA1F7E7-DFA5-4D15-99E8-7BDB409D58C6}.Release|x64.Build.0 = Release|Any CPU
		{2AA1F7E7-DFA5-4D15-99E8-7BDB409D58C6}.Release|x86.ActiveCfg = Release|Any CPU
		{2AA1F7E7-DFA5-4D15-99E8-7BDB409D58C6}.Release|x86.Build.0 = Release|Any CPU
		{3BEF1303-C6A3-4930-8898-824C2C460415}.Debug|Any CPU.ActiveCfg = Debug|Any CPU
		{3BEF1303-C6A3-4930-8898-824C2C460415}.Debug|Any CPU.Build.0 = Debug|Any CPU
		{3BEF1303-C6A3-4930-8898-824C2C460415}.Debug|x64.ActiveCfg = Debug|Any CPU
		{3BEF1303-C6A3-4930-8898-824C2C460415}.Debug|x64.Build.0 = Debug|Any CPU
		{3BEF1303-C6A3-4930-8898-824C2C460415}.Debug|x86.ActiveCfg = Debug|Any CPU
		{3BEF1303-C6A3-4930-8898-824C2C460415}.Debug|x86.Build.0 = Debug|Any CPU
		{3BEF1303-C6A3-4930-8898-824C2C460415}.Release|Any CPU.ActiveCfg = Release|Any CPU
		{3BEF1303-C6A3-4930-8898-824C2C460415}.Release|Any CPU.Build.0 = Release|Any CPU
		{3BEF1303-C6A3-4930-8898-824C2C460415}.Release|x64.ActiveCfg = Release|Any CPU
		{3BEF1303-C6A3-4930-8898-824C2C460415}.Release|x64.Build.0 = Release|Any CPU
		{3BEF1303-C6A3-4930-8898-824C2C460415}.Release|x86.ActiveCfg = Release|Any CPU
		{3BEF1303-C6A3-4930-8898-824C2C460415}.Release|x86.Build.0 = Release|Any CPU
	EndGlobalSection
	GlobalSection(SolutionProperties) = preSolution
		HideSolutionNode = FALSE
	EndGlobalSection
	GlobalSection(ExtensibilityGlobals) = postSolution
		SolutionGuid = {85222E91-1822-4FB1-B93A-0E38B61530D5}
	EndGlobalSection
EndGlobal
